// !$*UTF8*$!
{
	archiveVersion = 1;
	classes = {
	};
	objectVersion = 56;
	objects = {

/* Begin PBXBuildFile section */
		8549B3D82BA6BC4E00497807 /* BiteMapApp.swift in Sources */ = {isa = PBXBuildFile; fileRef = 8549B3D72BA6BC4E00497807 /* BiteMapApp.swift */; };
		8549B3DA2BA6BC4E00497807 /* ContentView.swift in Sources */ = {isa = PBXBuildFile; fileRef = 8549B3D92BA6BC4E00497807 /* ContentView.swift */; };
		8549B3DC2BA6BC4F00497807 /* Assets.xcassets in Resources */ = {isa = PBXBuildFile; fileRef = 8549B3DB2BA6BC4F00497807 /* Assets.xcassets */; };
		8549B3DF2BA6BC4F00497807 /* Preview Assets.xcassets in Resources */ = {isa = PBXBuildFile; fileRef = 8549B3DE2BA6BC4F00497807 /* Preview Assets.xcassets */; };
		8549B3E92BA6BD0900497807 /* FirebaseAnalytics in Frameworks */ = {isa = PBXBuildFile; productRef = 8549B3E82BA6BD0900497807 /* FirebaseAnalytics */; };
		8549B3EB2BA6BD0900497807 /* FirebaseAnalyticsOnDeviceConversion in Frameworks */ = {isa = PBXBuildFile; productRef = 8549B3EA2BA6BD0900497807 /* FirebaseAnalyticsOnDeviceConversion */; };
		8549B3ED2BA6BD0900497807 /* FirebaseAnalyticsSwift in Frameworks */ = {isa = PBXBuildFile; productRef = 8549B3EC2BA6BD0900497807 /* FirebaseAnalyticsSwift */; };
		8549B3EF2BA6BD0900497807 /* FirebaseAnalyticsWithoutAdIdSupport in Frameworks */ = {isa = PBXBuildFile; productRef = 8549B3EE2BA6BD0900497807 /* FirebaseAnalyticsWithoutAdIdSupport */; };
		8549B3F12BA6BD0900497807 /* FirebaseAuth in Frameworks */ = {isa = PBXBuildFile; productRef = 8549B3F02BA6BD0900497807 /* FirebaseAuth */; };
		8549B3F32BA6BD0900497807 /* FirebaseAuthCombine-Community in Frameworks */ = {isa = PBXBuildFile; productRef = 8549B3F22BA6BD0900497807 /* FirebaseAuthCombine-Community */; };
		8549B3F52BA6BD0900497807 /* FirebaseDatabase in Frameworks */ = {isa = PBXBuildFile; productRef = 8549B3F42BA6BD0900497807 /* FirebaseDatabase */; };
		8549B3F72BA6BD0900497807 /* FirebaseDatabaseSwift in Frameworks */ = {isa = PBXBuildFile; productRef = 8549B3F62BA6BD0900497807 /* FirebaseDatabaseSwift */; };
		8549B3F92BA6BD0900497807 /* FirebaseFirestore in Frameworks */ = {isa = PBXBuildFile; productRef = 8549B3F82BA6BD0900497807 /* FirebaseFirestore */; };
		8549B3FB2BA6BD0900497807 /* FirebaseFirestoreCombine-Community in Frameworks */ = {isa = PBXBuildFile; productRef = 8549B3FA2BA6BD0900497807 /* FirebaseFirestoreCombine-Community */; };
		8549B3FD2BA6BD0900497807 /* FirebaseFirestoreSwift in Frameworks */ = {isa = PBXBuildFile; productRef = 8549B3FC2BA6BD0900497807 /* FirebaseFirestoreSwift */; };
		8549B3FF2BA6BD0900497807 /* FirebaseInAppMessaging-Beta in Frameworks */ = {isa = PBXBuildFile; productRef = 8549B3FE2BA6BD0900497807 /* FirebaseInAppMessaging-Beta */; };
		8549B4012BA6BD0900497807 /* FirebaseInAppMessagingSwift-Beta in Frameworks */ = {isa = PBXBuildFile; productRef = 8549B4002BA6BD0900497807 /* FirebaseInAppMessagingSwift-Beta */; };
		8549B4032BA6BD0900497807 /* FirebaseInstallations in Frameworks */ = {isa = PBXBuildFile; productRef = 8549B4022BA6BD0900497807 /* FirebaseInstallations */; };
		8549B4052BA6BD0900497807 /* FirebaseStorage in Frameworks */ = {isa = PBXBuildFile; productRef = 8549B4042BA6BD0900497807 /* FirebaseStorage */; };
		8549B4072BA6BE9E00497807 /* GoogleService-Info.plist in Resources */ = {isa = PBXBuildFile; fileRef = 8549B4062BA6BE9E00497807 /* GoogleService-Info.plist */; };
		8549B4092BA6BF7D00497807 /* LoginView.swift in Sources */ = {isa = PBXBuildFile; fileRef = 8549B4082BA6BF7D00497807 /* LoginView.swift */; };
		8549B40B2BA6C19700497807 /* AuthViewModel.swift in Sources */ = {isa = PBXBuildFile; fileRef = 8549B40A2BA6C19700497807 /* AuthViewModel.swift */; };
		85582BBC2BA6C4D40076F654 /* MainContentView.swift in Sources */ = {isa = PBXBuildFile; fileRef = 85582BBB2BA6C4D40076F654 /* MainContentView.swift */; };
		85582BBE2BA6C5BC0076F654 /* ProfileView.swift in Sources */ = {isa = PBXBuildFile; fileRef = 85582BBD2BA6C5BC0076F654 /* ProfileView.swift */; };
		85582BC82BA6CE860076F654 /* LocationManager.swift in Sources */ = {isa = PBXBuildFile; fileRef = 85582BC72BA6CE860076F654 /* LocationManager.swift */; };
		85582BCA2BA6CEC00076F654 /* MapView.swift in Sources */ = {isa = PBXBuildFile; fileRef = 85582BC92BA6CEC00076F654 /* MapView.swift */; };
/* End PBXBuildFile section */

/* Begin PBXFileReference section */
		8549B3D42BA6BC4E00497807 /* BiteMap.app */ = {isa = PBXFileReference; explicitFileType = wrapper.application; includeInIndex = 0; path = BiteMap.app; sourceTree = BUILT_PRODUCTS_DIR; };
		8549B3D72BA6BC4E00497807 /* BiteMapApp.swift */ = {isa = PBXFileReference; lastKnownFileType = sourcecode.swift; path = BiteMapApp.swift; sourceTree = "<group>"; };
		8549B3D92BA6BC4E00497807 /* ContentView.swift */ = {isa = PBXFileReference; lastKnownFileType = sourcecode.swift; path = ContentView.swift; sourceTree = "<group>"; };
		8549B3DB2BA6BC4F00497807 /* Assets.xcassets */ = {isa = PBXFileReference; lastKnownFileType = folder.assetcatalog; path = Assets.xcassets; sourceTree = "<group>"; };
		8549B3DE2BA6BC4F00497807 /* Preview Assets.xcassets */ = {isa = PBXFileReference; lastKnownFileType = folder.assetcatalog; path = "Preview Assets.xcassets"; sourceTree = "<group>"; };
		8549B4062BA6BE9E00497807 /* GoogleService-Info.plist */ = {isa = PBXFileReference; fileEncoding = 4; lastKnownFileType = text.plist.xml; path = "GoogleService-Info.plist"; sourceTree = "<group>"; };
		8549B4082BA6BF7D00497807 /* LoginView.swift */ = {isa = PBXFileReference; lastKnownFileType = sourcecode.swift; path = LoginView.swift; sourceTree = "<group>"; };
		8549B40A2BA6C19700497807 /* AuthViewModel.swift */ = {isa = PBXFileReference; lastKnownFileType = sourcecode.swift; path = AuthViewModel.swift; sourceTree = "<group>"; };
		85582BBB2BA6C4D40076F654 /* MainContentView.swift */ = {isa = PBXFileReference; lastKnownFileType = sourcecode.swift; path = MainContentView.swift; sourceTree = "<group>"; };
		85582BBD2BA6C5BC0076F654 /* ProfileView.swift */ = {isa = PBXFileReference; lastKnownFileType = sourcecode.swift; path = ProfileView.swift; sourceTree = "<group>"; };
		85582BC72BA6CE860076F654 /* LocationManager.swift */ = {isa = PBXFileReference; lastKnownFileType = sourcecode.swift; path = LocationManager.swift; sourceTree = "<group>"; };
		85582BC92BA6CEC00076F654 /* MapView.swift */ = {isa = PBXFileReference; lastKnownFileType = sourcecode.swift; path = MapView.swift; sourceTree = "<group>"; };
/* End PBXFileReference section */

/* Begin PBXFrameworksBuildPhase section */
		8549B3D12BA6BC4E00497807 /* Frameworks */ = {
			isa = PBXFrameworksBuildPhase;
			buildActionMask = 2147483647;
			files = (
				8549B3F72BA6BD0900497807 /* FirebaseDatabaseSwift in Frameworks */,
				8549B4032BA6BD0900497807 /* FirebaseInstallations in Frameworks */,
				8549B3ED2BA6BD0900497807 /* FirebaseAnalyticsSwift in Frameworks */,
				8549B3F32BA6BD0900497807 /* FirebaseAuthCombine-Community in Frameworks */,
				8549B3FB2BA6BD0900497807 /* FirebaseFirestoreCombine-Community in Frameworks */,
				8549B3F12BA6BD0900497807 /* FirebaseAuth in Frameworks */,
				8549B3FD2BA6BD0900497807 /* FirebaseFirestoreSwift in Frameworks */,
				8549B3E92BA6BD0900497807 /* FirebaseAnalytics in Frameworks */,
				8549B4052BA6BD0900497807 /* FirebaseStorage in Frameworks */,
				8549B3F92BA6BD0900497807 /* FirebaseFirestore in Frameworks */,
				8549B4012BA6BD0900497807 /* FirebaseInAppMessagingSwift-Beta in Frameworks */,
				8549B3EB2BA6BD0900497807 /* FirebaseAnalyticsOnDeviceConversion in Frameworks */,
				8549B3F52BA6BD0900497807 /* FirebaseDatabase in Frameworks */,
				8549B3EF2BA6BD0900497807 /* FirebaseAnalyticsWithoutAdIdSupport in Frameworks */,
				8549B3FF2BA6BD0900497807 /* FirebaseInAppMessaging-Beta in Frameworks */,
			);
			runOnlyForDeploymentPostprocessing = 0;
		};
/* End PBXFrameworksBuildPhase section */

/* Begin PBXGroup section */
		8549B3CB2BA6BC4E00497807 = {
			isa = PBXGroup;
			children = (
				8549B3D62BA6BC4E00497807 /* BiteMap */,
				8549B3D52BA6BC4E00497807 /* Products */,
			);
			sourceTree = "<group>";
		};
		8549B3D52BA6BC4E00497807 /* Products */ = {
			isa = PBXGroup;
			children = (
				8549B3D42BA6BC4E00497807 /* BiteMap.app */,
			);
			name = Products;
			sourceTree = "<group>";
		};
		8549B3D62BA6BC4E00497807 /* BiteMap */ = {
			isa = PBXGroup;
			children = (
				8549B4062BA6BE9E00497807 /* GoogleService-Info.plist */,
				8549B3D72BA6BC4E00497807 /* BiteMapApp.swift */,
				8549B3D92BA6BC4E00497807 /* ContentView.swift */,
				85582BBD2BA6C5BC0076F654 /* ProfileView.swift */,
				8549B4082BA6BF7D00497807 /* LoginView.swift */,
				85582BC92BA6CEC00076F654 /* MapView.swift */,
				8549B3DB2BA6BC4F00497807 /* Assets.xcassets */,
				8549B3DD2BA6BC4F00497807 /* Preview Content */,
				8549B40A2BA6C19700497807 /* AuthViewModel.swift */,
				85582BBB2BA6C4D40076F654 /* MainContentView.swift */,
				85582BC72BA6CE860076F654 /* LocationManager.swift */,
			);
			path = BiteMap;
			sourceTree = "<group>";
		};
		8549B3DD2BA6BC4F00497807 /* Preview Content */ = {
			isa = PBXGroup;
			children = (
				8549B3DE2BA6BC4F00497807 /* Preview Assets.xcassets */,
			);
			path = "Preview Content";
			sourceTree = "<group>";
		};
/* End PBXGroup section */

/* Begin PBXNativeTarget section */
		8549B3D32BA6BC4E00497807 /* BiteMap */ = {
			isa = PBXNativeTarget;
			buildConfigurationList = 8549B3E22BA6BC4F00497807 /* Build configuration list for PBXNativeTarget "BiteMap" */;
			buildPhases = (
				8549B3D02BA6BC4E00497807 /* Sources */,
				8549B3D12BA6BC4E00497807 /* Frameworks */,
				8549B3D22BA6BC4E00497807 /* Resources */,
			);
			buildRules = (
			);
			dependencies = (
			);
			name = BiteMap;
			packageProductDependencies = (
				8549B3E82BA6BD0900497807 /* FirebaseAnalytics */,
				8549B3EA2BA6BD0900497807 /* FirebaseAnalyticsOnDeviceConversion */,
				8549B3EC2BA6BD0900497807 /* FirebaseAnalyticsSwift */,
				8549B3EE2BA6BD0900497807 /* FirebaseAnalyticsWithoutAdIdSupport */,
				8549B3F02BA6BD0900497807 /* FirebaseAuth */,
				8549B3F22BA6BD0900497807 /* FirebaseAuthCombine-Community */,
				8549B3F42BA6BD0900497807 /* FirebaseDatabase */,
				8549B3F62BA6BD0900497807 /* FirebaseDatabaseSwift */,
				8549B3F82BA6BD0900497807 /* FirebaseFirestore */,
				8549B3FA2BA6BD0900497807 /* FirebaseFirestoreCombine-Community */,
				8549B3FC2BA6BD0900497807 /* FirebaseFirestoreSwift */,
				8549B3FE2BA6BD0900497807 /* FirebaseInAppMessaging-Beta */,
				8549B4002BA6BD0900497807 /* FirebaseInAppMessagingSwift-Beta */,
				8549B4022BA6BD0900497807 /* FirebaseInstallations */,
				8549B4042BA6BD0900497807 /* FirebaseStorage */,
			);
			productName = BiteMap;
			productReference = 8549B3D42BA6BC4E00497807 /* BiteMap.app */;
			productType = "com.apple.product-type.application";
		};
/* End PBXNativeTarget section */

/* Begin PBXProject section */
		8549B3CC2BA6BC4E00497807 /* Project object */ = {
			isa = PBXProject;
			attributes = {
				BuildIndependentTargetsInParallel = 1;
				LastSwiftUpdateCheck = 1530;
				LastUpgradeCheck = 1530;
				TargetAttributes = {
					8549B3D32BA6BC4E00497807 = {
						CreatedOnToolsVersion = 15.3;
					};
				};
			};
			buildConfigurationList = 8549B3CF2BA6BC4E00497807 /* Build configuration list for PBXProject "BiteMap" */;
			compatibilityVersion = "Xcode 14.0";
			developmentRegion = en;
			hasScannedForEncodings = 0;
			knownRegions = (
				en,
				Base,
			);
			mainGroup = 8549B3CB2BA6BC4E00497807;
			packageReferences = (
				8549B3E72BA6BD0900497807 /* XCRemoteSwiftPackageReference "firebase-ios-sdk" */,
			);
			productRefGroup = 8549B3D52BA6BC4E00497807 /* Products */;
			projectDirPath = "";
			projectRoot = "";
			targets = (
				8549B3D32BA6BC4E00497807 /* BiteMap */,
			);
		};
/* End PBXProject section */

/* Begin PBXResourcesBuildPhase section */
		8549B3D22BA6BC4E00497807 /* Resources */ = {
			isa = PBXResourcesBuildPhase;
			buildActionMask = 2147483647;
			files = (
				8549B3DF2BA6BC4F00497807 /* Preview Assets.xcassets in Resources */,
				8549B3DC2BA6BC4F00497807 /* Assets.xcassets in Resources */,
				8549B4072BA6BE9E00497807 /* GoogleService-Info.plist in Resources */,
			);
			runOnlyForDeploymentPostprocessing = 0;
		};
/* End PBXResourcesBuildPhase section */

/* Begin PBXSourcesBuildPhase section */
		8549B3D02BA6BC4E00497807 /* Sources */ = {
			isa = PBXSourcesBuildPhase;
			buildActionMask = 2147483647;
			files = (
				85582BBE2BA6C5BC0076F654 /* ProfileView.swift in Sources */,
				85582BCA2BA6CEC00076F654 /* MapView.swift in Sources */,
				8549B40B2BA6C19700497807 /* AuthViewModel.swift in Sources */,
				8549B3DA2BA6BC4E00497807 /* ContentView.swift in Sources */,
				85582BC82BA6CE860076F654 /* LocationManager.swift in Sources */,
				8549B3D82BA6BC4E00497807 /* BiteMapApp.swift in Sources */,
				8549B4092BA6BF7D00497807 /* LoginView.swift in Sources */,
				85582BBC2BA6C4D40076F654 /* MainContentView.swift in Sources */,
			);
			runOnlyForDeploymentPostprocessing = 0;
		};
/* End PBXSourcesBuildPhase section */

/* Begin XCBuildConfiguration section */
		8549B3E02BA6BC4F00497807 /* Debug */ = {
			isa = XCBuildConfiguration;
			buildSettings = {
				ALWAYS_SEARCH_USER_PATHS = NO;
				ASSETCATALOG_COMPILER_GENERATE_SWIFT_ASSET_SYMBOL_EXTENSIONS = YES;
				CLANG_ANALYZER_NONNULL = YES;
				CLANG_ANALYZER_NUMBER_OBJECT_CONVERSION = YES_AGGRESSIVE;
				CLANG_CXX_LANGUAGE_STANDARD = "gnu++20";
				CLANG_ENABLE_MODULES = YES;
				CLANG_ENABLE_OBJC_ARC = YES;
				CLANG_ENABLE_OBJC_WEAK = YES;
				CLANG_WARN_BLOCK_CAPTURE_AUTORELEASING = YES;
				CLANG_WARN_BOOL_CONVERSION = YES;
				CLANG_WARN_COMMA = YES;
				CLANG_WARN_CONSTANT_CONVERSION = YES;
				CLANG_WARN_DEPRECATED_OBJC_IMPLEMENTATIONS = YES;
				CLANG_WARN_DIRECT_OBJC_ISA_USAGE = YES_ERROR;
				CLANG_WARN_DOCUMENTATION_COMMENTS = YES;
				CLANG_WARN_EMPTY_BODY = YES;
				CLANG_WARN_ENUM_CONVERSION = YES;
				CLANG_WARN_INFINITE_RECURSION = YES;
				CLANG_WARN_INT_CONVERSION = YES;
				CLANG_WARN_NON_LITERAL_NULL_CONVERSION = YES;
				CLANG_WARN_OBJC_IMPLICIT_RETAIN_SELF = YES;
				CLANG_WARN_OBJC_LITERAL_CONVERSION = YES;
				CLANG_WARN_OBJC_ROOT_CLASS = YES_ERROR;
				CLANG_WARN_QUOTED_INCLUDE_IN_FRAMEWORK_HEADER = YES;
				CLANG_WARN_RANGE_LOOP_ANALYSIS = YES;
				CLANG_WARN_STRICT_PROTOTYPES = YES;
				CLANG_WARN_SUSPICIOUS_MOVE = YES;
				CLANG_WARN_UNGUARDED_AVAILABILITY = YES_AGGRESSIVE;
				CLANG_WARN_UNREACHABLE_CODE = YES;
				CLANG_WARN__DUPLICATE_METHOD_MATCH = YES;
				COPY_PHASE_STRIP = NO;
				DEBUG_INFORMATION_FORMAT = dwarf;
				ENABLE_STRICT_OBJC_MSGSEND = YES;
				ENABLE_TESTABILITY = YES;
				ENABLE_USER_SCRIPT_SANDBOXING = YES;
				GCC_C_LANGUAGE_STANDARD = gnu17;
				GCC_DYNAMIC_NO_PIC = NO;
				GCC_NO_COMMON_BLOCKS = YES;
				GCC_OPTIMIZATION_LEVEL = 0;
				GCC_PREPROCESSOR_DEFINITIONS = (
					"DEBUG=1",
					"$(inherited)",
				);
				GCC_WARN_64_TO_32_BIT_CONVERSION = YES;
				GCC_WARN_ABOUT_RETURN_TYPE = YES_ERROR;
				GCC_WARN_UNDECLARED_SELECTOR = YES;
				GCC_WARN_UNINITIALIZED_AUTOS = YES_AGGRESSIVE;
				GCC_WARN_UNUSED_FUNCTION = YES;
				GCC_WARN_UNUSED_VARIABLE = YES;
				IPHONEOS_DEPLOYMENT_TARGET = 17.4;
				LOCALIZATION_PREFERS_STRING_CATALOGS = YES;
				MTL_ENABLE_DEBUG_INFO = INCLUDE_SOURCE;
				MTL_FAST_MATH = YES;
				ONLY_ACTIVE_ARCH = YES;
				SDKROOT = iphoneos;
				SWIFT_ACTIVE_COMPILATION_CONDITIONS = "DEBUG $(inherited)";
				SWIFT_OPTIMIZATION_LEVEL = "-Onone";
			};
			name = Debug;
		};
		8549B3E12BA6BC4F00497807 /* Release */ = {
			isa = XCBuildConfiguration;
			buildSettings = {
				ALWAYS_SEARCH_USER_PATHS = NO;
				ASSETCATALOG_COMPILER_GENERATE_SWIFT_ASSET_SYMBOL_EXTENSIONS = YES;
				CLANG_ANALYZER_NONNULL = YES;
				CLANG_ANALYZER_NUMBER_OBJECT_CONVERSION = YES_AGGRESSIVE;
				CLANG_CXX_LANGUAGE_STANDARD = "gnu++20";
				CLANG_ENABLE_MODULES = YES;
				CLANG_ENABLE_OBJC_ARC = YES;
				CLANG_ENABLE_OBJC_WEAK = YES;
				CLANG_WARN_BLOCK_CAPTURE_AUTORELEASING = YES;
				CLANG_WARN_BOOL_CONVERSION = YES;
				CLANG_WARN_COMMA = YES;
				CLANG_WARN_CONSTANT_CONVERSION = YES;
				CLANG_WARN_DEPRECATED_OBJC_IMPLEMENTATIONS = YES;
				CLANG_WARN_DIRECT_OBJC_ISA_USAGE = YES_ERROR;
				CLANG_WARN_DOCUMENTATION_COMMENTS = YES;
				CLANG_WARN_EMPTY_BODY = YES;
				CLANG_WARN_ENUM_CONVERSION = YES;
				CLANG_WARN_INFINITE_RECURSION = YES;
				CLANG_WARN_INT_CONVERSION = YES;
				CLANG_WARN_NON_LITERAL_NULL_CONVERSION = YES;
				CLANG_WARN_OBJC_IMPLICIT_RETAIN_SELF = YES;
				CLANG_WARN_OBJC_LITERAL_CONVERSION = YES;
				CLANG_WARN_OBJC_ROOT_CLASS = YES_ERROR;
				CLANG_WARN_QUOTED_INCLUDE_IN_FRAMEWORK_HEADER = YES;
				CLANG_WARN_RANGE_LOOP_ANALYSIS = YES;
				CLANG_WARN_STRICT_PROTOTYPES = YES;
				CLANG_WARN_SUSPICIOUS_MOVE = YES;
				CLANG_WARN_UNGUARDED_AVAILABILITY = YES_AGGRESSIVE;
				CLANG_WARN_UNREACHABLE_CODE = YES;
				CLANG_WARN__DUPLICATE_METHOD_MATCH = YES;
				COPY_PHASE_STRIP = NO;
				DEBUG_INFORMATION_FORMAT = "dwarf-with-dsym";
				ENABLE_NS_ASSERTIONS = NO;
				ENABLE_STRICT_OBJC_MSGSEND = YES;
				ENABLE_USER_SCRIPT_SANDBOXING = YES;
				GCC_C_LANGUAGE_STANDARD = gnu17;
				GCC_NO_COMMON_BLOCKS = YES;
				GCC_WARN_64_TO_32_BIT_CONVERSION = YES;
				GCC_WARN_ABOUT_RETURN_TYPE = YES_ERROR;
				GCC_WARN_UNDECLARED_SELECTOR = YES;
				GCC_WARN_UNINITIALIZED_AUTOS = YES_AGGRESSIVE;
				GCC_WARN_UNUSED_FUNCTION = YES;
				GCC_WARN_UNUSED_VARIABLE = YES;
				IPHONEOS_DEPLOYMENT_TARGET = 17.4;
				LOCALIZATION_PREFERS_STRING_CATALOGS = YES;
				MTL_ENABLE_DEBUG_INFO = NO;
				MTL_FAST_MATH = YES;
				SDKROOT = iphoneos;
				SWIFT_COMPILATION_MODE = wholemodule;
				VALIDATE_PRODUCT = YES;
			};
			name = Release;
		};
		8549B3E32BA6BC4F00497807 /* Debug */ = {
			isa = XCBuildConfiguration;
			buildSettings = {
				ASSETCATALOG_COMPILER_APPICON_NAME = AppIcon;
				ASSETCATALOG_COMPILER_GLOBAL_ACCENT_COLOR_NAME = AccentColor;
				CODE_SIGN_STYLE = Automatic;
				CURRENT_PROJECT_VERSION = 1;
				DEVELOPMENT_ASSET_PATHS = "\"BiteMap/Preview Content\"";
				DEVELOPMENT_TEAM = SUFH874864;
				ENABLE_PREVIEWS = YES;
				GENERATE_INFOPLIST_FILE = YES;
				INFOPLIST_KEY_LSApplicationCategoryType = "";
				INFOPLIST_KEY_NSLocationAlwaysAndWhenInUseUsageDescription = "";
				INFOPLIST_KEY_NSLocationWhenInUseUsageDescription = "";
				INFOPLIST_KEY_UIApplicationSceneManifest_Generation = YES;
				INFOPLIST_KEY_UIApplicationSupportsIndirectInputEvents = YES;
				INFOPLIST_KEY_UILaunchScreen_Generation = YES;
				INFOPLIST_KEY_UISupportedInterfaceOrientations_iPad = "UIInterfaceOrientationPortrait UIInterfaceOrientationPortraitUpsideDown UIInterfaceOrientationLandscapeLeft UIInterfaceOrientationLandscapeRight";
				INFOPLIST_KEY_UISupportedInterfaceOrientations_iPhone = "UIInterfaceOrientationPortrait UIInterfaceOrientationLandscapeLeft UIInterfaceOrientationLandscapeRight";
				LD_RUNPATH_SEARCH_PATHS = (
					"$(inherited)",
					"@executable_path/Frameworks",
				);
				MARKETING_VERSION = 1.0;
				PRODUCT_BUNDLE_IDENTIFIER = kevinpradjinata.BiteMap;
				PRODUCT_NAME = "$(TARGET_NAME)";
				SWIFT_EMIT_LOC_STRINGS = YES;
				SWIFT_VERSION = 5.0;
				TARGETED_DEVICE_FAMILY = "1,2";
			};
			name = Debug;
		};
		8549B3E42BA6BC4F00497807 /* Release */ = {
			isa = XCBuildConfiguration;
			buildSettings = {
				ASSETCATALOG_COMPILER_APPICON_NAME = AppIcon;
				ASSETCATALOG_COMPILER_GLOBAL_ACCENT_COLOR_NAME = AccentColor;
				CODE_SIGN_STYLE = Automatic;
				CURRENT_PROJECT_VERSION = 1;
				DEVELOPMENT_ASSET_PATHS = "\"BiteMap/Preview Content\"";
				DEVELOPMENT_TEAM = SUFH874864;
				ENABLE_PREVIEWS = YES;
				GENERATE_INFOPLIST_FILE = YES;
				INFOPLIST_KEY_LSApplicationCategoryType = "";
				INFOPLIST_KEY_NSLocationAlwaysAndWhenInUseUsageDescription = "";
				INFOPLIST_KEY_NSLocationWhenInUseUsageDescription = "";
				INFOPLIST_KEY_UIApplicationSceneManifest_Generation = YES;
				INFOPLIST_KEY_UIApplicationSupportsIndirectInputEvents = YES;
				INFOPLIST_KEY_UILaunchScreen_Generation = YES;
				INFOPLIST_KEY_UISupportedInterfaceOrientations_iPad = "UIInterfaceOrientationPortrait UIInterfaceOrientationPortraitUpsideDown UIInterfaceOrientationLandscapeLeft UIInterfaceOrientationLandscapeRight";
				INFOPLIST_KEY_UISupportedInterfaceOrientations_iPhone = "UIInterfaceOrientationPortrait UIInterfaceOrientationLandscapeLeft UIInterfaceOrientationLandscapeRight";
				LD_RUNPATH_SEARCH_PATHS = (
					"$(inherited)",
					"@executable_path/Frameworks",
				);
				MARKETING_VERSION = 1.0;
				PRODUCT_BUNDLE_IDENTIFIER = kevinpradjinata.BiteMap;
				PRODUCT_NAME = "$(TARGET_NAME)";
				SWIFT_EMIT_LOC_STRINGS = YES;
				SWIFT_VERSION = 5.0;
				TARGETED_DEVICE_FAMILY = "1,2";
			};
			name = Release;
		};
/* End XCBuildConfiguration section */

/* Begin XCConfigurationList section */
		8549B3CF2BA6BC4E00497807 /* Build configuration list for PBXProject "BiteMap" */ = {
			isa = XCConfigurationList;
			buildConfigurations = (
				8549B3E02BA6BC4F00497807 /* Debug */,
				8549B3E12BA6BC4F00497807 /* Release */,
			);
			defaultConfigurationIsVisible = 0;
			defaultConfigurationName = Release;
		};
		8549B3E22BA6BC4F00497807 /* Build configuration list for PBXNativeTarget "BiteMap" */ = {
			isa = XCConfigurationList;
			buildConfigurations = (
				8549B3E32BA6BC4F00497807 /* Debug */,
				8549B3E42BA6BC4F00497807 /* Release */,
			);
			defaultConfigurationIsVisible = 0;
			defaultConfigurationName = Release;
		};
/* End XCConfigurationList section */

/* Begin XCRemoteSwiftPackageReference section */
		8549B3E72BA6BD0900497807 /* XCRemoteSwiftPackageReference "firebase-ios-sdk" */ = {
			isa = XCRemoteSwiftPackageReference;
			repositoryURL = "https://github.com/firebase/firebase-ios-sdk";
			requirement = {
				kind = upToNextMajorVersion;
				minimumVersion = 10.22.1;
			};
		};
/* End XCRemoteSwiftPackageReference section */

/* Begin XCSwiftPackageProductDependency section */
		8549B3E82BA6BD0900497807 /* FirebaseAnalytics */ = {
			isa = XCSwiftPackageProductDependency;
			package = 8549B3E72BA6BD0900497807 /* XCRemoteSwiftPackageReference "firebase-ios-sdk" */;
			productName = FirebaseAnalytics;
		};
		8549B3EA2BA6BD0900497807 /* FirebaseAnalyticsOnDeviceConversion */ = {
			isa = XCSwiftPackageProductDependency;
			package = 8549B3E72BA6BD0900497807 /* XCRemoteSwiftPackageReference "firebase-ios-sdk" */;
			productName = FirebaseAnalyticsOnDeviceConversion;
		};
		8549B3EC2BA6BD0900497807 /* FirebaseAnalyticsSwift */ = {
			isa = XCSwiftPackageProductDependency;
			package = 8549B3E72BA6BD0900497807 /* XCRemoteSwiftPackageReference "firebase-ios-sdk" */;
			productName = FirebaseAnalyticsSwift;
		};
		8549B3EE2BA6BD0900497807 /* FirebaseAnalyticsWithoutAdIdSupport */ = {
			isa = XCSwiftPackageProductDependency;
			package = 8549B3E72BA6BD0900497807 /* XCRemoteSwiftPackageReference "firebase-ios-sdk" */;
			productName = FirebaseAnalyticsWithoutAdIdSupport;
		};
		8549B3F02BA6BD0900497807 /* FirebaseAuth */ = {
			isa = XCSwiftPackageProductDependency;
			package = 8549B3E72BA6BD0900497807 /* XCRemoteSwiftPackageReference "firebase-ios-sdk" */;
			productName = FirebaseAuth;
		};
		8549B3F22BA6BD0900497807 /* FirebaseAuthCombine-Community */ = {
			isa = XCSwiftPackageProductDependency;
			package = 8549B3E72BA6BD0900497807 /* XCRemoteSwiftPackageReference "firebase-ios-sdk" */;
			productName = "FirebaseAuthCombine-Community";
		};
		8549B3F42BA6BD0900497807 /* FirebaseDatabase */ = {
			isa = XCSwiftPackageProductDependency;
			package = 8549B3E72BA6BD0900497807 /* XCRemoteSwiftPackageReference "firebase-ios-sdk" */;
			productName = FirebaseDatabase;
		};
		8549B3F62BA6BD0900497807 /* FirebaseDatabaseSwift */ = {
			isa = XCSwiftPackageProductDependency;
			package = 8549B3E72BA6BD0900497807 /* XCRemoteSwiftPackageReference "firebase-ios-sdk" */;
			productName = FirebaseDatabaseSwift;
		};
		8549B3F82BA6BD0900497807 /* FirebaseFirestore */ = {
			isa = XCSwiftPackageProductDependency;
			package = 8549B3E72BA6BD0900497807 /* XCRemoteSwiftPackageReference "firebase-ios-sdk" */;
			productName = FirebaseFirestore;
		};
		8549B3FA2BA6BD0900497807 /* FirebaseFirestoreCombine-Community */ = {
			isa = XCSwiftPackageProductDependency;
			package = 8549B3E72BA6BD0900497807 /* XCRemoteSwiftPackageReference "firebase-ios-sdk" */;
			productName = "FirebaseFirestoreCombine-Community";
		};
		8549B3FC2BA6BD0900497807 /* FirebaseFirestoreSwift */ = {
			isa = XCSwiftPackageProductDependency;
			package = 8549B3E72BA6BD0900497807 /* XCRemoteSwiftPackageReference "firebase-ios-sdk" */;
			productName = FirebaseFirestoreSwift;
		};
		8549B3FE2BA6BD0900497807 /* FirebaseInAppMessaging-Beta */ = {
			isa = XCSwiftPackageProductDependency;
			package = 8549B3E72BA6BD0900497807 /* XCRemoteSwiftPackageReference "firebase-ios-sdk" */;
			productName = "FirebaseInAppMessaging-Beta";
		};
		8549B4002BA6BD0900497807 /* FirebaseInAppMessagingSwift-Beta */ = {
			isa = XCSwiftPackageProductDependency;
			package = 8549B3E72BA6BD0900497807 /* XCRemoteSwiftPackageReference "firebase-ios-sdk" */;
			productName = "FirebaseInAppMessagingSwift-Beta";
		};
		8549B4022BA6BD0900497807 /* FirebaseInstallations */ = {
			isa = XCSwiftPackageProductDependency;
			package = 8549B3E72BA6BD0900497807 /* XCRemoteSwiftPackageReference "firebase-ios-sdk" */;
			productName = FirebaseInstallations;
		};
		8549B4042BA6BD0900497807 /* FirebaseStorage */ = {
			isa = XCSwiftPackageProductDependency;
			package = 8549B3E72BA6BD0900497807 /* XCRemoteSwiftPackageReference "firebase-ios-sdk" */;
			productName = FirebaseStorage;
		};
/* End XCSwiftPackageProductDependency section */
	};
	rootObject = 8549B3CC2BA6BC4E00497807 /* Project object */;
}
